<?xml version="1.0" encoding="utf-8"?>
<Project ToolsVersion="4.0" xmlns="http://schemas.microsoft.com/developer/msbuild/2003">
  <ItemGroup>
    <ClCompile Include="AirPerfect.cpp" />
    <ClCompile Include="Cell.cpp" />
    <ClCompile Include="Config.cpp" />
    <ClCompile Include="Face.cpp" />
    <ClCompile Include="Fluid.cpp" />
    <ClCompile Include="Flux.cpp" />
    <ClCompile Include="FluxAUSMup.cpp" />
    <ClCompile Include="FluxRoe.cpp" />
    <ClCompile Include="Grid.cpp" />
    <ClCompile Include="Limiter.cpp" />
    <ClCompile Include="LimiterMinmod.cpp" />
    <ClCompile Include="LimiterMCvanLeer.cpp" />
    <ClCompile Include="main.cpp" />
    <ClCompile Include="PerfectGas.cpp" />
    <ClCompile Include="Solver.cpp" />
    <ClCompile Include="TimeStepper.cpp" />
    <ClCompile Include="TimeStepperExplicit.cpp" />
    <ClCompile Include="Solution.cpp" />
    <ClCompile Include="ConservativeVariables.cpp" />
    <ClCompile Include="PrimitiveVariables.cpp" />
    <ClCompile Include="StructuredBoundary.cpp" />
  </ItemGroup>
  <ItemGroup>
    <ClInclude Include="AirPerfect.h" />
    <ClInclude Include="Cell.h" />
    <ClInclude Include="Config.h" />
    <ClInclude Include="Face.h" />
    <ClInclude Include="Fluid.h" />
    <ClInclude Include="Flux.h" />
    <ClInclude Include="FluxAUSMup.h" />
    <ClInclude Include="FluxRoe.h" />
    <ClInclude Include="Grid.h" />
    <ClInclude Include="Limiter.h" />
    <ClInclude Include="LimiterMinmod.h" />
    <ClInclude Include="LimiterMCvanLeer.h" />
    <ClInclude Include="PerfectGas.h" />
    <ClInclude Include="Solver.h" />
    <ClInclude Include="TimeStepper.h" />
    <ClInclude Include="TimeStepperExplicit.h" />
    <ClInclude Include="ConservativeVariables.h" />
    <ClInclude Include="PrimitiveVariables.h" />
    <ClInclude Include="Jacobian.h" />
    <ClInclude Include="Solution.h" />
    <ClInclude Include="DeclareConsPrim.h" />
    <ClInclude Include="StructuredBoundary.h" />
  </ItemGroup>
  <ItemGroup>
    <Text Include="exampleGrid.txt" />
  </ItemGroup>
</Project>